{
  "name": "google-fonts-mcp",
  "version": "1.4.0",
  "lockfileVersion": 3,
  "requires": true,
  "packages": {
    "": {
      "name": "google-fonts-mcp",
      "version": "1.4.0",
      "license": "MIT",
      "bin": {
        "google-fonts-mcp": "bin/google-fonts-mcp.js"
      },
      "engines": {
        "node": ">=18"
      }
    }
  }
}
